
Microsoft Visual Studio Solution File, Format Version 12.00
# Visual Studio Version 17
VisualStudioVersion = 17.12.35521.163
MinimumVisualStudioVersion = 10.0.40219.1
Project("{FAE04EC0-301F-11D3-BF4B-00C04F79EFBC}") = "ClothyShop", "ClothyShop.csproj", "{BB72250C-C30F-402F-8ADE-3A5469799E44}"
EndProject
Project("{FAE04EC0-301F-11D3-BF4B-00C04F79EFBC}") = "ClothyShop.DAL", "..\ClothyShop.DAL\ClothyShop.DAL.csproj", "{56382965-4D07-4918-9CF5-4E14DBB0FD67}"
EndProject
Project("{FAE04EC0-301F-11D3-BF4B-00C04F79EFBC}") = "ClothyShop.Business", "..\ClothyShop.Services\ClothyShop.Business.csproj", "{68C786CF-F0A1-4DEF-9B92-C9A4AA800F94}"
EndProject
Project("{FAE04EC0-301F-11D3-BF4B-00C04F79EFBC}") = "ClothyShop.Common", "..\ClothyShop.Common\ClothyShop.Common.csproj", "{5457B98D-A0E1-4693-A660-DD6859FF2DDF}"
EndProject
Global
	GlobalSection(SolutionConfigurationPlatforms) = preSolution
		Debug|Any CPU = Debug|Any CPU
		Release|Any CPU = Release|Any CPU
	EndGlobalSection
	GlobalSection(ProjectConfigurationPlatforms) = postSolution
		{BB72250C-C30F-402F-8ADE-3A5469799E44}.Debug|Any CPU.ActiveCfg = Debug|Any CPU
		{BB72250C-C30F-402F-8ADE-3A5469799E44}.Debug|Any CPU.Build.0 = Debug|Any CPU
		{BB72250C-C30F-402F-8ADE-3A5469799E44}.Release|Any CPU.ActiveCfg = Release|Any CPU
		{BB72250C-C30F-402F-8ADE-3A5469799E44}.Release|Any CPU.Build.0 = Release|Any CPU
		{56382965-4D07-4918-9CF5-4E14DBB0FD67}.Debug|Any CPU.ActiveCfg = Debug|Any CPU
		{56382965-4D07-4918-9CF5-4E14DBB0FD67}.Debug|Any CPU.Build.0 = Debug|Any CPU
		{56382965-4D07-4918-9CF5-4E14DBB0FD67}.Release|Any CPU.ActiveCfg = Release|Any CPU
		{56382965-4D07-4918-9CF5-4E14DBB0FD67}.Release|Any CPU.Build.0 = Release|Any CPU
		{68C786CF-F0A1-4DEF-9B92-C9A4AA800F94}.Debug|Any CPU.ActiveCfg = Debug|Any CPU
		{68C786CF-F0A1-4DEF-9B92-C9A4AA800F94}.Debug|Any CPU.Build.0 = Debug|Any CPU
		{68C786CF-F0A1-4DEF-9B92-C9A4AA800F94}.Release|Any CPU.ActiveCfg = Release|Any CPU
		{68C786CF-F0A1-4DEF-9B92-C9A4AA800F94}.Release|Any CPU.Build.0 = Release|Any CPU
		{5457B98D-A0E1-4693-A660-DD6859FF2DDF}.Debug|Any CPU.ActiveCfg = Debug|Any CPU
		{5457B98D-A0E1-4693-A660-DD6859FF2DDF}.Debug|Any CPU.Build.0 = Debug|Any CPU
		{5457B98D-A0E1-4693-A660-DD6859FF2DDF}.Release|Any CPU.ActiveCfg = Release|Any CPU
		{5457B98D-A0E1-4693-A660-DD6859FF2DDF}.Release|Any CPU.Build.0 = Release|Any CPU
	EndGlobalSection
	GlobalSection(SolutionProperties) = preSolution
		HideSolutionNode = FALSE
	EndGlobalSection
EndGlobal
